
Microsoft Visual Studio Solution File, Format Version 12.00
# Visual Studio Version 17
VisualStudioVersion = 17.6.33801.468
MinimumVisualStudioVersion = 10.0.40219.1
Project("{9A19103F-16F7-4668-BE54-9A1E7A4F7556}") = "StockControl.Server", "StockControl\Server\StockControl.Server.csproj", "{3E92D495-1513-4683-AB52-C7D8EA62B4B7}"
EndProject
Project("{9A19103F-16F7-4668-BE54-9A1E7A4F7556}") = "StockControl.Client", "StockControl\Client\StockControl.Client.csproj", "{8B869C3D-109F-4E35-BC1D-AF42C43D30B4}"
EndProject
Project("{9A19103F-16F7-4668-BE54-9A1E7A4F7556}") = "StockControl.Shared", "StockControl\Shared\StockControl.Shared.csproj", "{C1472F5D-F559-4111-981F-4497C35CD85C}"
EndProject
Global
	GlobalSection(SolutionConfigurationPlatforms) = preSolution
		Debug|Any CPU = Debug|Any CPU
		Release|Any CPU = Release|Any CPU
	EndGlobalSection
	GlobalSection(ProjectConfigurationPlatforms) = postSolution
		{3E92D495-1513-4683-AB52-C7D8EA62B4B7}.Debug|Any CPU.ActiveCfg = Debug|Any CPU
		{3E92D495-1513-4683-AB52-C7D8EA62B4B7}.Debug|Any CPU.Build.0 = Debug|Any CPU
		{3E92D495-1513-4683-AB52-C7D8EA62B4B7}.Release|Any CPU.ActiveCfg = Release|Any CPU
		{3E92D495-1513-4683-AB52-C7D8EA62B4B7}.Release|Any CPU.Build.0 = Release|Any CPU
		{8B869C3D-109F-4E35-BC1D-AF42C43D30B4}.Debug|Any CPU.ActiveCfg = Debug|Any CPU
		{8B869C3D-109F-4E35-BC1D-AF42C43D30B4}.Debug|Any CPU.Build.0 = Debug|Any CPU
		{8B869C3D-109F-4E35-BC1D-AF42C43D30B4}.Release|Any CPU.ActiveCfg = Release|Any CPU
		{8B869C3D-109F-4E35-BC1D-AF42C43D30B4}.Release|Any CPU.Build.0 = Release|Any CPU
		{C1472F5D-F559-4111-981F-4497C35CD85C}.Debug|Any CPU.ActiveCfg = Debug|Any CPU
		{C1472F5D-F559-4111-981F-4497C35CD85C}.Debug|Any CPU.Build.0 = Debug|Any CPU
		{C1472F5D-F559-4111-981F-4497C35CD85C}.Release|Any CPU.ActiveCfg = Release|Any CPU
		{C1472F5D-F559-4111-981F-4497C35CD85C}.Release|Any CPU.Build.0 = Release|Any CPU
	EndGlobalSection
	GlobalSection(SolutionProperties) = preSolution
		HideSolutionNode = FALSE
	EndGlobalSection
	GlobalSection(ExtensibilityGlobals) = postSolution
		SolutionGuid = {E79D02C0-578E-48C4-81EC-E3C469E6E40E}
	EndGlobalSection
EndGlobal
